{
  "name": "nofs",
  "version": "0.11.22",
  "lockfileVersion": 1,
  "requires": true,
  "dependencies": {
    "balanced-match": {
      "version": "1.0.0",
      "resolved": "https://registry.npmjs.org/balanced-match/-/balanced-match-1.0.0.tgz",
      "integrity": "sha1-ibTRmasr7kneFk6gK4nORi1xt2c="
    },
    "brace-expansion": {
      "version": "1.1.8",
      "resolved": "https://registry.npmjs.org/brace-expansion/-/brace-expansion-1.1.8.tgz",
      "integrity": "sha1-wHshHHyVLsH479Uad+8NHTmQopI=",
      "requires": {
        "balanced-match": "1.0.0",
        "concat-map": "0.0.1"
      }
    },
    "commander": {
      "version": "2.9.0",
      "resolved": "https://registry.npmjs.org/commander/-/commander-2.9.0.tgz",
      "integrity": "sha1-nJkJQXbhIkDLItbFFGCYQA/g99Q=",
      "dev": true,
      "requires": {
        "graceful-readlink": "1.0.1"
      }
    },
    "concat-map": {
      "version": "0.0.1",
      "resolved": "https://registry.npmjs.org/concat-map/-/concat-map-0.0.1.tgz",
      "integrity": "sha1-2Klr13/Wjfd5OnMDajug1UBdR3s="
    },
    "graceful-readlink": {
      "version": "1.0.1",
      "resolved": "https://registry.npmjs.org/graceful-readlink/-/graceful-readlink-1.0.1.tgz",
      "integrity": "sha1-TK+tdrxi8C+gObL5Tpo906ORpyU=",
      "dev": true
    },
    "jhash": {
      "version": "0.1.10",
      "resolved": "https://registry.npmjs.org/jhash/-/jhash-0.1.10.tgz",
      "integrity": "sha1-zhtYwL9vR0V/9iTC4CjQuJ1ih1c=",
      "dev": true
    },
    "junit": {
      "version": "1.4.9",
      "resolved": "https://registry.npmjs.org/junit/-/junit-1.4.9.tgz",
      "integrity": "sha1-a8EtKFNtvwKEwz28915C2yc/PaQ=",
      "dev": true,
      "requires": {
        "commander": "2.9.0",
        "nofs": "0.11.20",
        "yaku": "0.17.8"
      },
      "dependencies": {
        "yaku": {
          "version": "0.17.8",
          "resolved": "https://registry.npmjs.org/yaku/-/yaku-0.17.8.tgz",
          "integrity": "sha1-Yf7cQIAsadD4IzJGkUHnBNFNh2o=",
          "dev": true
        }
      }
    },
    "minimatch": {
      "version": "3.0.4",
      "resolved": "https://registry.npmjs.org/minimatch/-/minimatch-3.0.4.tgz",
      "integrity": "sha512-yJHVQEhyqPLUTgt9B83PXu6W3rx4MvvHvSUvToogpwoGDOUQ+yDrR0HRot+yOCdCO7u4hX3pWft6kWBBcqh0UA==",
      "requires": {
        "brace-expansion": "1.1.8"
      }
    },
    "noflow": {
      "version": "0.8.10",
      "resolved": "https://registry.npmjs.org/noflow/-/noflow-0.8.10.tgz",
      "integrity": "sha1-n6RWEHintwuBvB54aZn9EOFIT1Y=",
      "dev": true,
      "requires": {
        "yaku": "0.17.9"
      },
      "dependencies": {
        "yaku": {
          "version": "0.17.9",
          "resolved": "https://registry.npmjs.org/yaku/-/yaku-0.17.9.tgz",
          "integrity": "sha1-Thxs6DIawRWFT/mVU+T3IOivVic=",
          "dev": true
        }
      }
    },
    "nofs": {
      "version": "0.11.20",
      "resolved": "https://registry.npmjs.org/nofs/-/nofs-0.11.20.tgz",
      "integrity": "sha1-F+avLNo8eT6GIdkDx61/EXmU7Y4=",
      "dev": true,
      "requires": {
        "minimatch": "3.0.3",
        "yaku": "0.17.7"
      },
      "dependencies": {
        "minimatch": {
          "version": "3.0.3",
          "resolved": "https://registry.npmjs.org/minimatch/-/minimatch-3.0.3.tgz",
          "integrity": "sha1-Kk5AkLlrLbBqnX3wEFWmKnfJt3Q=",
          "dev": true,
          "requires": {
            "brace-expansion": "1.1.8"
          }
        },
        "yaku": {
          "version": "0.17.7",
          "resolved": "https://registry.npmjs.org/yaku/-/yaku-0.17.7.tgz",
          "integrity": "sha1-2jHY6+e8ERI+No2QpZizsBfMm00=",
          "dev": true
        }
      }
    },
    "nokit": {
      "version": "0.24.5",
      "resolved": "https://registry.npmjs.org/nokit/-/nokit-0.24.5.tgz",
      "integrity": "sha512-yTZv7iyQTvHk+wLgmlwrXprASjVqxrW6jQy5AV2ay8GZNlruvdv84tDFBPePtLcf8OL2grY7CNr23IwToN+wWg==",
      "dev": true,
      "requires": {
        "jhash": "0.1.10",
        "noflow": "0.8.10",
        "nofs": "0.11.21",
        "semver": "5.3.0",
        "yaku": "0.18.0"
      },
      "dependencies": {
        "minimatch": {
          "version": "3.0.3",
          "resolved": "https://registry.npmjs.org/minimatch/-/minimatch-3.0.3.tgz",
          "integrity": "sha1-Kk5AkLlrLbBqnX3wEFWmKnfJt3Q=",
          "dev": true,
          "requires": {
            "brace-expansion": "1.1.8"
          }
        },
        "nofs": {
          "version": "0.11.21",
          "resolved": "https://registry.npmjs.org/nofs/-/nofs-0.11.21.tgz",
          "integrity": "sha1-fKfVJGV3XEfn+UuuutjlG2FjeHo=",
          "dev": true,
          "requires": {
            "minimatch": "3.0.3",
            "yaku": "0.17.9"
          },
          "dependencies": {
            "yaku": {
              "version": "0.17.9",
              "resolved": "https://registry.npmjs.org/yaku/-/yaku-0.17.9.tgz",
              "integrity": "sha1-Thxs6DIawRWFT/mVU+T3IOivVic=",
              "dev": true
            }
          }
        },
        "yaku": {
          "version": "0.18.0",
          "resolved": "https://registry.npmjs.org/yaku/-/yaku-0.18.0.tgz",
          "integrity": "sha1-+37mgtC0lhn2oUhnCg/Js4S1aLs=",
          "dev": true
        }
      }
    },
    "semver": {
      "version": "5.3.0",
      "resolved": "https://registry.npmjs.org/semver/-/semver-5.3.0.tgz",
      "integrity": "sha1-myzl094C0XxgEq0yaqa00M9U+U8=",
      "dev": true
    },
    "yaku": {
      "version": "0.18.2",
      "resolved": "https://registry.npmjs.org/yaku/-/yaku-0.18.2.tgz",
      "integrity": "sha512-Snn1wKdnoQWqWRWtpewDik97pJsNzp5bNnUBXxxtZPnzgiw/Xn3hjqqyPWbkygX3jWFMB/hw1gSaOWBn5vd/XQ=="
    }
  }
}
